
Microsoft Visual Studio Solution File, Format Version 12.00
# Visual Studio Version 16
VisualStudioVersion = 16.0.29411.108
MinimumVisualStudioVersion = 10.0.40219.1
Project("{FAE04EC0-301F-11D3-BF4B-00C04F79EFBC}") = "DeliveryManager", "DeliveryManager\DeliveryManager.csproj", "{CEE90D83-CD7C-412D-B4F8-836B80629AD8}"
EndProject
Project("{FAE04EC0-301F-11D3-BF4B-00C04F79EFBC}") = "DeliveryManager.Tests", "DeliveryManager.Tests\DeliveryManager.Tests.csproj", "{3DEFD2A9-FD77-4564-8F7C-049440A05DEE}"
EndProject
Global
	GlobalSection(SolutionConfigurationPlatforms) = preSolution
		Debug|Any CPU = Debug|Any CPU
		Release|Any CPU = Release|Any CPU
	EndGlobalSection
	GlobalSection(ProjectConfigurationPlatforms) = postSolution
		{CEE90D83-CD7C-412D-B4F8-836B80629AD8}.Debug|Any CPU.ActiveCfg = Debug|Any CPU
		{CEE90D83-CD7C-412D-B4F8-836B80629AD8}.Debug|Any CPU.Build.0 = Debug|Any CPU
		{CEE90D83-CD7C-412D-B4F8-836B80629AD8}.Release|Any CPU.ActiveCfg = Release|Any CPU
		{CEE90D83-CD7C-412D-B4F8-836B80629AD8}.Release|Any CPU.Build.0 = Release|Any CPU
		{3DEFD2A9-FD77-4564-8F7C-049440A05DEE}.Debug|Any CPU.ActiveCfg = Debug|Any CPU
		{3DEFD2A9-FD77-4564-8F7C-049440A05DEE}.Debug|Any CPU.Build.0 = Debug|Any CPU
		{3DEFD2A9-FD77-4564-8F7C-049440A05DEE}.Release|Any CPU.ActiveCfg = Release|Any CPU
		{3DEFD2A9-FD77-4564-8F7C-049440A05DEE}.Release|Any CPU.Build.0 = Release|Any CPU
	EndGlobalSection
	GlobalSection(SolutionProperties) = preSolution
		HideSolutionNode = FALSE
	EndGlobalSection
	GlobalSection(ExtensibilityGlobals) = postSolution
		SolutionGuid = {6DB30B81-3FA9-47F1-A9DB-6AE91C1650F4}
	EndGlobalSection
EndGlobal
